
Microsoft Visual Studio Solution File, Format Version 12.00
# Visual Studio Version 16
VisualStudioVersion = 16.0.30907.101
MinimumVisualStudioVersion = 10.0.40219.1
Project("{FAE04EC0-301F-11D3-BF4B-00C04F79EFBC}") = "053501_Шляпо_Лаб11", "053501_Шляпо_Лаб11\053501_Шляпо_Лаб11.csproj", "{9F0CDE2F-A66D-48BB-ABAF-0BDEAEEC0797}"
EndProject
Project("{FAE04EC0-301F-11D3-BF4B-00C04F79EFBC}") = "Proj1", "Proj1\Proj1.csproj", "{CFF33BCB-4598-49B1-A3DA-22987CC647FB}"
EndProject
Project("{FAE04EC0-301F-11D3-BF4B-00C04F79EFBC}") = "Auto", "Auto\Auto.csproj", "{01221303-2E0E-48FF-8B5B-4161AF697C62}"
EndProject
Global
	GlobalSection(SolutionConfigurationPlatforms) = preSolution
		Debug|Any CPU = Debug|Any CPU
		Release|Any CPU = Release|Any CPU
	EndGlobalSection
	GlobalSection(ProjectConfigurationPlatforms) = postSolution
		{9F0CDE2F-A66D-48BB-ABAF-0BDEAEEC0797}.Debug|Any CPU.ActiveCfg = Debug|Any CPU
		{9F0CDE2F-A66D-48BB-ABAF-0BDEAEEC0797}.Debug|Any CPU.Build.0 = Debug|Any CPU
		{9F0CDE2F-A66D-48BB-ABAF-0BDEAEEC0797}.Release|Any CPU.ActiveCfg = Release|Any CPU
		{9F0CDE2F-A66D-48BB-ABAF-0BDEAEEC0797}.Release|Any CPU.Build.0 = Release|Any CPU
		{CFF33BCB-4598-49B1-A3DA-22987CC647FB}.Debug|Any CPU.ActiveCfg = Debug|Any CPU
		{CFF33BCB-4598-49B1-A3DA-22987CC647FB}.Debug|Any CPU.Build.0 = Debug|Any CPU
		{CFF33BCB-4598-49B1-A3DA-22987CC647FB}.Release|Any CPU.ActiveCfg = Release|Any CPU
		{CFF33BCB-4598-49B1-A3DA-22987CC647FB}.Release|Any CPU.Build.0 = Release|Any CPU
		{01221303-2E0E-48FF-8B5B-4161AF697C62}.Debug|Any CPU.ActiveCfg = Debug|Any CPU
		{01221303-2E0E-48FF-8B5B-4161AF697C62}.Debug|Any CPU.Build.0 = Debug|Any CPU
		{01221303-2E0E-48FF-8B5B-4161AF697C62}.Release|Any CPU.ActiveCfg = Release|Any CPU
		{01221303-2E0E-48FF-8B5B-4161AF697C62}.Release|Any CPU.Build.0 = Release|Any CPU
	EndGlobalSection
	GlobalSection(SolutionProperties) = preSolution
		HideSolutionNode = FALSE
	EndGlobalSection
	GlobalSection(ExtensibilityGlobals) = postSolution
		SolutionGuid = {A80660AD-DD9B-4CE1-AB78-3306ED00C4ED}
	EndGlobalSection
EndGlobal
